
Microsoft Visual Studio Solution File, Format Version 12.00
# Visual Studio Version 16
VisualStudioVersion = 16.0.30804.86
MinimumVisualStudioVersion = 10.0.40219.1
Project("{9A19103F-16F7-4668-BE54-9A1E7A4F7556}") = "Test", "Test\Test.csproj", "{7840FEC4-8AB2-4EDF-BC20-BCDEF0F8F636}"
EndProject
Project("{9A19103F-16F7-4668-BE54-9A1E7A4F7556}") = "FileSynchronization", "FileSynchronization\FileSynchronization.csproj", "{5D01B3CC-264D-4349-B1CB-D6C7943A5F3C}"
EndProject
Project("{9A19103F-16F7-4668-BE54-9A1E7A4F7556}") = "CoverageIssueDemo", "CoverageIssueDemo\CoverageIssueDemo.csproj", "{E0EFA06E-5837-494A-98A6-90D23B3451AD}"
EndProject
Global
	GlobalSection(SolutionConfigurationPlatforms) = preSolution
		Debug|Any CPU = Debug|Any CPU
		Release|Any CPU = Release|Any CPU
	EndGlobalSection
	GlobalSection(ProjectConfigurationPlatforms) = postSolution
		{7840FEC4-8AB2-4EDF-BC20-BCDEF0F8F636}.Debug|Any CPU.ActiveCfg = Debug|Any CPU
		{7840FEC4-8AB2-4EDF-BC20-BCDEF0F8F636}.Debug|Any CPU.Build.0 = Debug|Any CPU
		{7840FEC4-8AB2-4EDF-BC20-BCDEF0F8F636}.Release|Any CPU.ActiveCfg = Release|Any CPU
		{7840FEC4-8AB2-4EDF-BC20-BCDEF0F8F636}.Release|Any CPU.Build.0 = Release|Any CPU
		{5D01B3CC-264D-4349-B1CB-D6C7943A5F3C}.Debug|Any CPU.ActiveCfg = Debug|Any CPU
		{5D01B3CC-264D-4349-B1CB-D6C7943A5F3C}.Debug|Any CPU.Build.0 = Debug|Any CPU
		{5D01B3CC-264D-4349-B1CB-D6C7943A5F3C}.Release|Any CPU.ActiveCfg = Release|Any CPU
		{5D01B3CC-264D-4349-B1CB-D6C7943A5F3C}.Release|Any CPU.Build.0 = Release|Any CPU
		{E0EFA06E-5837-494A-98A6-90D23B3451AD}.Debug|Any CPU.ActiveCfg = Debug|Any CPU
		{E0EFA06E-5837-494A-98A6-90D23B3451AD}.Debug|Any CPU.Build.0 = Debug|Any CPU
		{E0EFA06E-5837-494A-98A6-90D23B3451AD}.Release|Any CPU.ActiveCfg = Release|Any CPU
		{E0EFA06E-5837-494A-98A6-90D23B3451AD}.Release|Any CPU.Build.0 = Release|Any CPU
	EndGlobalSection
	GlobalSection(SolutionProperties) = preSolution
		HideSolutionNode = FALSE
	EndGlobalSection
	GlobalSection(ExtensibilityGlobals) = postSolution
		SolutionGuid = {A3A94F94-E38F-4271-A82A-89091AD24592}
	EndGlobalSection
EndGlobal
